// !$*UTF8*$!
{
	archiveVersion = 1;
	classes = {
	};
	objectVersion = 46;
	objects = {

/* Begin PBXBuildFile section */
		1F17CC7B19C7E82D0091FE0D /* Button_New_2.png in Resources */ = {isa = PBXBuildFile; fileRef = 1F17CC7A19C7E82D0091FE0D /* Button_New_2.png */; };
		1F29630E19C765E000F4BB74 /* SettingViewController.swift in Sources */ = {isa = PBXBuildFile; fileRef = 1F29630D19C765E000F4BB74 /* SettingViewController.swift */; };
		1F494FA719C6C4780076FAE5 /* AppDelegate.swift in Sources */ = {isa = PBXBuildFile; fileRef = 1F494FA619C6C4780076FAE5 /* AppDelegate.swift */; };
		1F494FAA19C6C4780076FAE5 /* ShlagBaumSGG.xcdatamodeld in Sources */ = {isa = PBXBuildFile; fileRef = 1F494FA819C6C4780076FAE5 /* ShlagBaumSGG.xcdatamodeld */; };
		1F494FAC19C6C4780076FAE5 /* ViewController.swift in Sources */ = {isa = PBXBuildFile; fileRef = 1F494FAB19C6C4780076FAE5 /* ViewController.swift */; };
		1F494FAF19C6C4780076FAE5 /* Main.storyboard in Resources */ = {isa = PBXBuildFile; fileRef = 1F494FAD19C6C4780076FAE5 /* Main.storyboard */; };
		1F494FB119C6C4780076FAE5 /* Images.xcassets in Resources */ = {isa = PBXBuildFile; fileRef = 1F494FB019C6C4780076FAE5 /* Images.xcassets */; };
		1F494FB419C6C4780076FAE5 /* LaunchScreen.xib in Resources */ = {isa = PBXBuildFile; fileRef = 1F494FB219C6C4780076FAE5 /* LaunchScreen.xib */; };
		1F494FC019C6C4780076FAE5 /* ShlagBaumSGGTests.swift in Sources */ = {isa = PBXBuildFile; fileRef = 1F494FBF19C6C4780076FAE5 /* ShlagBaumSGGTests.swift */; };
		1F494FCA19C6C4E50076FAE5 /* CoreLocation.framework in Frameworks */ = {isa = PBXBuildFile; fileRef = 1F494FC919C6C4E50076FAE5 /* CoreLocation.framework */; };
		1F494FCC19C6C4F60076FAE5 /* MapKit.framework in Frameworks */ = {isa = PBXBuildFile; fileRef = 1F494FCB19C6C4F60076FAE5 /* MapKit.framework */; };
		1FC9F17B19C8029100DB03EC /* Button_New_Red.png in Resources */ = {isa = PBXBuildFile; fileRef = 1FC9F17A19C8029100DB03EC /* Button_New_Red.png */; };
/* End PBXBuildFile section */

/* Begin PBXContainerItemProxy section */
		1F494FBA19C6C4780076FAE5 /* PBXContainerItemProxy */ = {
			isa = PBXContainerItemProxy;
			containerPortal = 1F494F9919C6C4780076FAE5 /* Project object */;
			proxyType = 1;
			remoteGlobalIDString = 1F494FA019C6C4780076FAE5;
			remoteInfo = ShlagBaumSGG;
		};
/* End PBXContainerItemProxy section */

/* Begin PBXFileReference section */
		1F17CC7A19C7E82D0091FE0D /* Button_New_2.png */ = {isa = PBXFileReference; lastKnownFileType = image.png; path = Button_New_2.png; sourceTree = "<group>"; };
		1F29630D19C765E000F4BB74 /* SettingViewController.swift */ = {isa = PBXFileReference; fileEncoding = 4; lastKnownFileType = sourcecode.swift; name = SettingViewController.swift; path = ShlagBaumSGG/SettingViewController.swift; sourceTree = SOURCE_ROOT; };
		1F494FA119C6C4780076FAE5 /* ShlagBaumSGG.app */ = {isa = PBXFileReference; explicitFileType = wrapper.application; includeInIndex = 0; path = ShlagBaumSGG.app; sourceTree = BUILT_PRODUCTS_DIR; };
		1F494FA519C6C4780076FAE5 /* Info.plist */ = {isa = PBXFileReference; lastKnownFileType = text.plist.xml; path = Info.plist; sourceTree = "<group>"; };
		1F494FA619C6C4780076FAE5 /* AppDelegate.swift */ = {isa = PBXFileReference; lastKnownFileType = sourcecode.swift; path = AppDelegate.swift; sourceTree = "<group>"; };
		1F494FA919C6C4780076FAE5 /* ShlagBaumSGG.xcdatamodel */ = {isa = PBXFileReference; lastKnownFileType = wrapper.xcdatamodel; path = ShlagBaumSGG.xcdatamodel; sourceTree = "<group>"; };
		1F494FAB19C6C4780076FAE5 /* ViewController.swift */ = {isa = PBXFileReference; lastKnownFileType = sourcecode.swift; path = ViewController.swift; sourceTree = "<group>"; };
		1F494FAE19C6C4780076FAE5 /* Base */ = {isa = PBXFileReference; lastKnownFileType = file.storyboard; name = Base; path = Base.lproj/Main.storyboard; sourceTree = "<group>"; };
		1F494FB019C6C4780076FAE5 /* Images.xcassets */ = {isa = PBXFileReference; lastKnownFileType = folder.assetcatalog; path = Images.xcassets; sourceTree = "<group>"; };
		1F494FB319C6C4780076FAE5 /* Base */ = {isa = PBXFileReference; lastKnownFileType = file.xib; name = Base; path = Base.lproj/LaunchScreen.xib; sourceTree = "<group>"; };
		1F494FB919C6C4780076FAE5 /* ShlagBaumSGGTests.xctest */ = {isa = PBXFileReference; explicitFileType = wrapper.cfbundle; includeInIndex = 0; path = ShlagBaumSGGTests.xctest; sourceTree = BUILT_PRODUCTS_DIR; };
		1F494FBE19C6C4780076FAE5 /* Info.plist */ = {isa = PBXFileReference; lastKnownFileType = text.plist.xml; path = Info.plist; sourceTree = "<group>"; };
		1F494FBF19C6C4780076FAE5 /* ShlagBaumSGGTests.swift */ = {isa = PBXFileReference; lastKnownFileType = sourcecode.swift; path = ShlagBaumSGGTests.swift; sourceTree = "<group>"; };
		1F494FC919C6C4E50076FAE5 /* CoreLocation.framework */ = {isa = PBXFileReference; lastKnownFileType = wrapper.framework; name = CoreLocation.framework; path = System/Library/Frameworks/CoreLocation.framework; sourceTree = SDKROOT; };
		1F494FCB19C6C4F60076FAE5 /* MapKit.framework */ = {isa = PBXFileReference; lastKnownFileType = wrapper.framework; name = MapKit.framework; path = System/Library/Frameworks/MapKit.framework; sourceTree = SDKROOT; };
		1FC9F17A19C8029100DB03EC /* Button_New_Red.png */ = {isa = PBXFileReference; lastKnownFileType = image.png; path = Button_New_Red.png; sourceTree = "<group>"; };
/* End PBXFileReference section */

/* Begin PBXFrameworksBuildPhase section */
		1F494F9E19C6C4780076FAE5 /* Frameworks */ = {
			isa = PBXFrameworksBuildPhase;
			buildActionMask = 2147483647;
			files = (
				1F494FCC19C6C4F60076FAE5 /* MapKit.framework in Frameworks */,
				1F494FCA19C6C4E50076FAE5 /* CoreLocation.framework in Frameworks */,
			);
			runOnlyForDeploymentPostprocessing = 0;
		};
		1F494FB619C6C4780076FAE5 /* Frameworks */ = {
			isa = PBXFrameworksBuildPhase;
			buildActionMask = 2147483647;
			files = (
			);
			runOnlyForDeploymentPostprocessing = 0;
		};
/* End PBXFrameworksBuildPhase section */

/* Begin PBXGroup section */
		1F494F9819C6C4780076FAE5 = {
			isa = PBXGroup;
			children = (
				1F494FCB19C6C4F60076FAE5 /* MapKit.framework */,
				1F494FC919C6C4E50076FAE5 /* CoreLocation.framework */,
				1F494FA319C6C4780076FAE5 /* ShlagBaumSGG */,
				1F494FBC19C6C4780076FAE5 /* ShlagBaumSGGTests */,
				1F494FA219C6C4780076FAE5 /* Products */,
			);
			sourceTree = "<group>";
		};
		1F494FA219C6C4780076FAE5 /* Products */ = {
			isa = PBXGroup;
			children = (
				1F494FA119C6C4780076FAE5 /* ShlagBaumSGG.app */,
				1F494FB919C6C4780076FAE5 /* ShlagBaumSGGTests.xctest */,
			);
			name = Products;
			sourceTree = "<group>";
		};
		1F494FA319C6C4780076FAE5 /* ShlagBaumSGG */ = {
			isa = PBXGroup;
			children = (
				1F494FA619C6C4780076FAE5 /* AppDelegate.swift */,
				1F494FAB19C6C4780076FAE5 /* ViewController.swift */,
				1F494FAD19C6C4780076FAE5 /* Main.storyboard */,
				1F29630D19C765E000F4BB74 /* SettingViewController.swift */,
				1F494FB019C6C4780076FAE5 /* Images.xcassets */,
				1F494FB219C6C4780076FAE5 /* LaunchScreen.xib */,
				1F494FA819C6C4780076FAE5 /* ShlagBaumSGG.xcdatamodeld */,
				1F494FA419C6C4780076FAE5 /* Supporting Files */,
			);
			path = ShlagBaumSGG;
			sourceTree = "<group>";
		};
		1F494FA419C6C4780076FAE5 /* Supporting Files */ = {
			isa = PBXGroup;
			children = (
				1FC9F17A19C8029100DB03EC /* Button_New_Red.png */,
				1F17CC7A19C7E82D0091FE0D /* Button_New_2.png */,
				1F494FA519C6C4780076FAE5 /* Info.plist */,
			);
			name = "Supporting Files";
			sourceTree = "<group>";
		};
		1F494FBC19C6C4780076FAE5 /* ShlagBaumSGGTests */ = {
			isa = PBXGroup;
			children = (
				1F494FBF19C6C4780076FAE5 /* ShlagBaumSGGTests.swift */,
				1F494FBD19C6C4780076FAE5 /* Supporting Files */,
			);
			path = ShlagBaumSGGTests;
			sourceTree = "<group>";
		};
		1F494FBD19C6C4780076FAE5 /* Supporting Files */ = {
			isa = PBXGroup;
			children = (
				1F494FBE19C6C4780076FAE5 /* Info.plist */,
			);
			name = "Supporting Files";
			sourceTree = "<group>";
		};
/* End PBXGroup section */

/* Begin PBXNativeTarget section */
		1F494FA019C6C4780076FAE5 /* ShlagBaumSGG */ = {
			isa = PBXNativeTarget;
			buildConfigurationList = 1F494FC319C6C4780076FAE5 /* Build configuration list for PBXNativeTarget "ShlagBaumSGG" */;
			buildPhases = (
				1F494F9D19C6C4780076FAE5 /* Sources */,
				1F494F9E19C6C4780076FAE5 /* Frameworks */,
				1F494F9F19C6C4780076FAE5 /* Resources */,
			);
			buildRules = (
			);
			dependencies = (
			);
			name = ShlagBaumSGG;
			productName = ShlagBaumSGG;
			productReference = 1F494FA119C6C4780076FAE5 /* ShlagBaumSGG.app */;
			productType = "com.apple.product-type.application";
		};
		1F494FB819C6C4780076FAE5 /* ShlagBaumSGGTests */ = {
			isa = PBXNativeTarget;
			buildConfigurationList = 1F494FC619C6C4780076FAE5 /* Build configuration list for PBXNativeTarget "ShlagBaumSGGTests" */;
			buildPhases = (
				1F494FB519C6C4780076FAE5 /* Sources */,
				1F494FB619C6C4780076FAE5 /* Frameworks */,
				1F494FB719C6C4780076FAE5 /* Resources */,
			);
			buildRules = (
			);
			dependencies = (
				1F494FBB19C6C4780076FAE5 /* PBXTargetDependency */,
			);
			name = ShlagBaumSGGTests;
			productName = ShlagBaumSGGTests;
			productReference = 1F494FB919C6C4780076FAE5 /* ShlagBaumSGGTests.xctest */;
			productType = "com.apple.product-type.bundle.unit-test";
		};
/* End PBXNativeTarget section */

/* Begin PBXProject section */
		1F494F9919C6C4780076FAE5 /* Project object */ = {
			isa = PBXProject;
			attributes = {
				LastUpgradeCheck = 0600;
				ORGANIZATIONNAME = "Александр Пономаренко";
				TargetAttributes = {
					1F494FA019C6C4780076FAE5 = {
						CreatedOnToolsVersion = 6.0;
						SystemCapabilities = {
							com.apple.BackgroundModes = {
								enabled = 1;
							};
						};
					};
					1F494FB819C6C4780076FAE5 = {
						CreatedOnToolsVersion = 6.0;
						TestTargetID = 1F494FA019C6C4780076FAE5;
					};
				};
			};
			buildConfigurationList = 1F494F9C19C6C4780076FAE5 /* Build configuration list for PBXProject "ShlagBaumSGG" */;
			compatibilityVersion = "Xcode 3.2";
			developmentRegion = English;
			hasScannedForEncodings = 0;
			knownRegions = (
				en,
				Base,
			);
			mainGroup = 1F494F9819C6C4780076FAE5;
			productRefGroup = 1F494FA219C6C4780076FAE5 /* Products */;
			projectDirPath = "";
			projectRoot = "";
			targets = (
				1F494FA019C6C4780076FAE5 /* ShlagBaumSGG */,
				1F494FB819C6C4780076FAE5 /* ShlagBaumSGGTests */,
			);
		};
/* End PBXProject section */

/* Begin PBXResourcesBuildPhase section */
		1F494F9F19C6C4780076FAE5 /* Resources */ = {
			isa = PBXResourcesBuildPhase;
			buildActionMask = 2147483647;
			files = (
				1F494FAF19C6C4780076FAE5 /* Main.storyboard in Resources */,
				1F494FB419C6C4780076FAE5 /* LaunchScreen.xib in Resources */,
				1FC9F17B19C8029100DB03EC /* Button_New_Red.png in Resources */,
				1F494FB119C6C4780076FAE5 /* Images.xcassets in Resources */,
				1F17CC7B19C7E82D0091FE0D /* Button_New_2.png in Resources */,
			);
			runOnlyForDeploymentPostprocessing = 0;
		};
		1F494FB719C6C4780076FAE5 /* Resources */ = {
			isa = PBXResourcesBuildPhase;
			buildActionMask = 2147483647;
			files = (
			);
			runOnlyForDeploymentPostprocessing = 0;
		};
/* End PBXResourcesBuildPhase section */

/* Begin PBXSourcesBuildPhase section */
		1F494F9D19C6C4780076FAE5 /* Sources */ = {
			isa = PBXSourcesBuildPhase;
			buildActionMask = 2147483647;
			files = (
				1F494FAC19C6C4780076FAE5 /* ViewController.swift in Sources */,
				1F494FAA19C6C4780076FAE5 /* ShlagBaumSGG.xcdatamodeld in Sources */,
				1F494FA719C6C4780076FAE5 /* AppDelegate.swift in Sources */,
				1F29630E19C765E000F4BB74 /* SettingViewController.swift in Sources */,
			);
			runOnlyForDeploymentPostprocessing = 0;
		};
		1F494FB519C6C4780076FAE5 /* Sources */ = {
			isa = PBXSourcesBuildPhase;
			buildActionMask = 2147483647;
			files = (
				1F494FC019C6C4780076FAE5 /* ShlagBaumSGGTests.swift in Sources */,
			);
			runOnlyForDeploymentPostprocessing = 0;
		};
/* End PBXSourcesBuildPhase section */

/* Begin PBXTargetDependency section */
		1F494FBB19C6C4780076FAE5 /* PBXTargetDependency */ = {
			isa = PBXTargetDependency;
			target = 1F494FA019C6C4780076FAE5 /* ShlagBaumSGG */;
			targetProxy = 1F494FBA19C6C4780076FAE5 /* PBXContainerItemProxy */;
		};
/* End PBXTargetDependency section */

/* Begin PBXVariantGroup section */
		1F494FAD19C6C4780076FAE5 /* Main.storyboard */ = {
			isa = PBXVariantGroup;
			children = (
				1F494FAE19C6C4780076FAE5 /* Base */,
			);
			name = Main.storyboard;
			sourceTree = "<group>";
		};
		1F494FB219C6C4780076FAE5 /* LaunchScreen.xib */ = {
			isa = PBXVariantGroup;
			children = (
				1F494FB319C6C4780076FAE5 /* Base */,
			);
			name = LaunchScreen.xib;
			sourceTree = "<group>";
		};
/* End PBXVariantGroup section */

/* Begin XCBuildConfiguration section */
		1F494FC119C6C4780076FAE5 /* Debug */ = {
			isa = XCBuildConfiguration;
			buildSettings = {
				ALWAYS_SEARCH_USER_PATHS = NO;
				CLANG_CXX_LANGUAGE_STANDARD = "gnu++0x";
				CLANG_CXX_LIBRARY = "libc++";
				CLANG_ENABLE_MODULES = YES;
				CLANG_ENABLE_OBJC_ARC = YES;
				CLANG_WARN_BOOL_CONVERSION = YES;
				CLANG_WARN_CONSTANT_CONVERSION = YES;
				CLANG_WARN_DIRECT_OBJC_ISA_USAGE = YES_ERROR;
				CLANG_WARN_EMPTY_BODY = YES;
				CLANG_WARN_ENUM_CONVERSION = YES;
				CLANG_WARN_INT_CONVERSION = YES;
				CLANG_WARN_OBJC_ROOT_CLASS = YES_ERROR;
				CLANG_WARN_UNREACHABLE_CODE = YES;
				CLANG_WARN__DUPLICATE_METHOD_MATCH = YES;
				"CODE_SIGN_IDENTITY[sdk=iphoneos*]" = "iPhone Developer";
				COPY_PHASE_STRIP = NO;
				ENABLE_STRICT_OBJC_MSGSEND = YES;
				GCC_C_LANGUAGE_STANDARD = gnu99;
				GCC_DYNAMIC_NO_PIC = NO;
				GCC_OPTIMIZATION_LEVEL = 0;
				GCC_PREPROCESSOR_DEFINITIONS = (
					"DEBUG=1",
					"$(inherited)",
				);
				GCC_SYMBOLS_PRIVATE_EXTERN = NO;
				GCC_WARN_64_TO_32_BIT_CONVERSION = YES;
				GCC_WARN_ABOUT_RETURN_TYPE = YES_ERROR;
				GCC_WARN_UNDECLARED_SELECTOR = YES;
				GCC_WARN_UNINITIALIZED_AUTOS = YES_AGGRESSIVE;
				GCC_WARN_UNUSED_FUNCTION = YES;
				GCC_WARN_UNUSED_VARIABLE = YES;
				IPHONEOS_DEPLOYMENT_TARGET = 8.0;
				MTL_ENABLE_DEBUG_INFO = YES;
				ONLY_ACTIVE_ARCH = YES;
				SDKROOT = iphoneos;
				SWIFT_OPTIMIZATION_LEVEL = "-Onone";
			};
			name = Debug;
		};
		1F494FC219C6C4780076FAE5 /* Release */ = {
			isa = XCBuildConfiguration;
			buildSettings = {
				ALWAYS_SEARCH_USER_PATHS = NO;
				CLANG_CXX_LANGUAGE_STANDARD = "gnu++0x";
				CLANG_CXX_LIBRARY = "libc++";
				CLANG_ENABLE_MODULES = YES;
				CLANG_ENABLE_OBJC_ARC = YES;
				CLANG_WARN_BOOL_CONVERSION = YES;
				CLANG_WARN_CONSTANT_CONVERSION = YES;
				CLANG_WARN_DIRECT_OBJC_ISA_USAGE = YES_ERROR;
				CLANG_WARN_EMPTY_BODY = YES;
				CLANG_WARN_ENUM_CONVERSION = YES;
				CLANG_WARN_INT_CONVERSION = YES;
				CLANG_WARN_OBJC_ROOT_CLASS = YES_ERROR;
				CLANG_WARN_UNREACHABLE_CODE = YES;
				CLANG_WARN__DUPLICATE_METHOD_MATCH = YES;
				"CODE_SIGN_IDENTITY[sdk=iphoneos*]" = "iPhone Developer";
				COPY_PHASE_STRIP = YES;
				ENABLE_NS_ASSERTIONS = NO;
				ENABLE_STRICT_OBJC_MSGSEND = YES;
				GCC_C_LANGUAGE_STANDARD = gnu99;
				GCC_WARN_64_TO_32_BIT_CONVERSION = YES;
				GCC_WARN_ABOUT_RETURN_TYPE = YES_ERROR;
				GCC_WARN_UNDECLARED_SELECTOR = YES;
				GCC_WARN_UNINITIALIZED_AUTOS = YES_AGGRESSIVE;
				GCC_WARN_UNUSED_FUNCTION = YES;
				GCC_WARN_UNUSED_VARIABLE = YES;
				IPHONEOS_DEPLOYMENT_TARGET = 8.0;
				MTL_ENABLE_DEBUG_INFO = NO;
				SDKROOT = iphoneos;
				VALIDATE_PRODUCT = YES;
			};
			name = Release;
		};
		1F494FC419C6C4780076FAE5 /* Debug */ = {
			isa = XCBuildConfiguration;
			buildSettings = {
				ASSETCATALOG_COMPILER_APPICON_NAME = AppIcon;
				INFOPLIST_FILE = ShlagBaumSGG/Info.plist;
				LD_RUNPATH_SEARCH_PATHS = "$(inherited) @executable_path/Frameworks";
				PRODUCT_NAME = "$(TARGET_NAME)";
				TARGETED_DEVICE_FAMILY = "1,2";
			};
			name = Debug;
		};
		1F494FC519C6C4780076FAE5 /* Release */ = {
			isa = XCBuildConfiguration;
			buildSettings = {
				ASSETCATALOG_COMPILER_APPICON_NAME = AppIcon;
				INFOPLIST_FILE = ShlagBaumSGG/Info.plist;
				LD_RUNPATH_SEARCH_PATHS = "$(inherited) @executable_path/Frameworks";
				PRODUCT_NAME = "$(TARGET_NAME)";
				TARGETED_DEVICE_FAMILY = "1,2";
			};
			name = Release;
		};
		1F494FC719C6C4780076FAE5 /* Debug */ = {
			isa = XCBuildConfiguration;
			buildSettings = {
				BUNDLE_LOADER = "$(TEST_HOST)";
				FRAMEWORK_SEARCH_PATHS = (
					"$(SDKROOT)/Developer/Library/Frameworks",
					"$(inherited)",
				);
				GCC_PREPROCESSOR_DEFINITIONS = (
					"DEBUG=1",
					"$(inherited)",
				);
				INFOPLIST_FILE = ShlagBaumSGGTests/Info.plist;
				LD_RUNPATH_SEARCH_PATHS = "$(inherited) @executable_path/Frameworks @loader_path/Frameworks";
				PRODUCT_NAME = "$(TARGET_NAME)";
				TEST_HOST = "$(BUILT_PRODUCTS_DIR)/ShlagBaumSGG.app/ShlagBaumSGG";
			};
			name = Debug;
		};
		1F494FC819C6C4780076FAE5 /* Release */ = {
			isa = XCBuildConfiguration;
			buildSettings = {
				BUNDLE_LOADER = "$(TEST_HOST)";
				FRAMEWORK_SEARCH_PATHS = (
					"$(SDKROOT)/Developer/Library/Frameworks",
					"$(inherited)",
				);
				INFOPLIST_FILE = ShlagBaumSGGTests/Info.plist;
				LD_RUNPATH_SEARCH_PATHS = "$(inherited) @executable_path/Frameworks @loader_path/Frameworks";
				PRODUCT_NAME = "$(TARGET_NAME)";
				TEST_HOST = "$(BUILT_PRODUCTS_DIR)/ShlagBaumSGG.app/ShlagBaumSGG";
			};
			name = Release;
		};
/* End XCBuildConfiguration section */

/* Begin XCConfigurationList section */
		1F494F9C19C6C4780076FAE5 /* Build configuration list for PBXProject "ShlagBaumSGG" */ = {
			isa = XCConfigurationList;
			buildConfigurations = (
				1F494FC119C6C4780076FAE5 /* Debug */,
				1F494FC219C6C4780076FAE5 /* Release */,
			);
			defaultConfigurationIsVisible = 0;
			defaultConfigurationName = Release;
		};
		1F494FC319C6C4780076FAE5 /* Build configuration list for PBXNativeTarget "ShlagBaumSGG" */ = {
			isa = XCConfigurationList;
			buildConfigurations = (
				1F494FC419C6C4780076FAE5 /* Debug */,
				1F494FC519C6C4780076FAE5 /* Release */,
			);
			defaultConfigurationIsVisible = 0;
			defaultConfigurationName = Release;
		};
		1F494FC619C6C4780076FAE5 /* Build configuration list for PBXNativeTarget "ShlagBaumSGGTests" */ = {
			isa = XCConfigurationList;
			buildConfigurations = (
				1F494FC719C6C4780076FAE5 /* Debug */,
				1F494FC819C6C4780076FAE5 /* Release */,
			);
			defaultConfigurationIsVisible = 0;
			defaultConfigurationName = Release;
		};
/* End XCConfigurationList section */

/* Begin XCVersionGroup section */
		1F494FA819C6C4780076FAE5 /* ShlagBaumSGG.xcdatamodeld */ = {
			isa = XCVersionGroup;
			children = (
				1F494FA919C6C4780076FAE5 /* ShlagBaumSGG.xcdatamodel */,
			);
			currentVersion = 1F494FA919C6C4780076FAE5 /* ShlagBaumSGG.xcdatamodel */;
			path = ShlagBaumSGG.xcdatamodeld;
			sourceTree = "<group>";
			versionGroupType = wrapper.xcdatamodel;
		};
/* End XCVersionGroup section */
	};
	rootObject = 1F494F9919C6C4780076FAE5 /* Project object */;
}
